
Microsoft Visual Studio Solution File, Format Version 12.00
# Visual Studio Version 16
VisualStudioVersion = 16.0.31702.278
MinimumVisualStudioVersion = 10.0.40219.1
Project("{FAE04EC0-301F-11D3-BF4B-00C04F79EFBC}") = "ContosoCraftWebsite", "ContosoCraftWebsite\ContosoCraftWebsite.csproj", "{AEDD8105-99B4-4DB8-9FE8-F8972CD2C993}"
EndProject
Global
	GlobalSection(SolutionConfigurationPlatforms) = preSolution
		Debug|Any CPU = Debug|Any CPU
		Release|Any CPU = Release|Any CPU
	EndGlobalSection
	GlobalSection(ProjectConfigurationPlatforms) = postSolution
		{AEDD8105-99B4-4DB8-9FE8-F8972CD2C993}.Debug|Any CPU.ActiveCfg = Debug|Any CPU
		{AEDD8105-99B4-4DB8-9FE8-F8972CD2C993}.Debug|Any CPU.Build.0 = Debug|Any CPU
		{AEDD8105-99B4-4DB8-9FE8-F8972CD2C993}.Release|Any CPU.ActiveCfg = Release|Any CPU
		{AEDD8105-99B4-4DB8-9FE8-F8972CD2C993}.Release|Any CPU.Build.0 = Release|Any CPU
	EndGlobalSection
	GlobalSection(SolutionProperties) = preSolution
		HideSolutionNode = FALSE
	EndGlobalSection
	GlobalSection(ExtensibilityGlobals) = postSolution
		SolutionGuid = {FC603613-E60E-4F26-B563-59E08E0E0B0F}
	EndGlobalSection
EndGlobal
